
Microsoft Visual Studio Solution File, Format Version 12.00
# Visual Studio Version 17
VisualStudioVersion = 17.0.31903.59
MinimumVisualStudioVersion = 10.0.40219.1
Project("{2150E333-8FDC-42A3-9474-1A3956D46DE8}") = "src", "src", "{827E0CD3-B72D-47B6-A68D-7590B98EB39B}"
EndProject
Project("{FAE04EC0-301F-11D3-BF4B-00C04F79EFBC}") = "Panko.Api", "src\Panko.Api\Panko.Api.csproj", "{FFAFB815-328A-4CE7-B019-E36F9944CC22}"
EndProject
Project("{FAE04EC0-301F-11D3-BF4B-00C04F79EFBC}") = "Panko.Contracts", "src\Panko.Contracts\Panko.Contracts.csproj", "{A5CBB874-E91A-48BC-A600-9A59CF30E65C}"
EndProject
Project("{FAE04EC0-301F-11D3-BF4B-00C04F79EFBC}") = "Panko.Observability", "src\Panko.Observability\Panko.Observability.csproj", "{7E54A19E-B3DD-4B3D-8E91-821036203A4A}"
EndProject
Project("{FAE04EC0-301F-11D3-BF4B-00C04F79EFBC}") = "Panko.Api.Tests", "tests\Panko.Api.Tests\Panko.Api.Tests.csproj", "{A7610CE3-5482-4522-A1AA-1909A2B2536B}"
EndProject
Project("{FAE04EC0-301F-11D3-BF4B-00C04F79EFBC}") = "Panko.Kafka", "src\Panko.Kafka\Panko.Kafka.csproj", "{53F37B79-E699-4F17-AE6C-ACBCD16B9A5C}"
EndProject
Project("{2150E333-8FDC-42A3-9474-1A3956D46DE8}") = "tools", "tools", "{07C2787E-EAC7-C090-1BA3-A61EC2A24D84}"
EndProject
Project("{FAE04EC0-301F-11D3-BF4B-00C04F79EFBC}") = "Panko.KafkaOnboarding", "tools\Panko.KafkaOnboarding\Panko.KafkaOnboarding.csproj", "{51106022-112B-45F3-BEC3-598082B1F716}"
EndProject
Project("{FAE04EC0-301F-11D3-BF4B-00C04F79EFBC}") = "Panko.ServiceOnboarding", "tools\Panko.ServiceOnboarding\Panko.ServiceOnboarding.csproj", "{2D490B5F-5021-4EE0-92BC-B2C858CBF1E7}"
EndProject
Project("{2150E333-8FDC-42A3-9474-1A3956D46DE8}") = "tests", "tests", "{0AB3BF05-4346-4AA6-1389-037BE0695223}"
EndProject
Project("{FAE04EC0-301F-11D3-BF4B-00C04F79EFBC}") = "Panko.Kafka.Tests", "tests\Panko.Kafka.Tests\Panko.Kafka.Tests.csproj", "{2453F625-65A5-4013-93CB-A130EF266595}"
EndProject
Project("{FAE04EC0-301F-11D3-BF4B-00C04F79EFBC}") = "Panko.Observability.Tests", "tests\Panko.Observability.Tests\Panko.Observability.Tests.csproj", "{AF37790E-4A9A-4F23-962D-C64515202F30}"
EndProject
Global
	GlobalSection(SolutionConfigurationPlatforms) = preSolution
		Debug|Any CPU = Debug|Any CPU
		Debug|x64 = Debug|x64
		Debug|x86 = Debug|x86
		Release|Any CPU = Release|Any CPU
		Release|x64 = Release|x64
		Release|x86 = Release|x86
	EndGlobalSection
	GlobalSection(ProjectConfigurationPlatforms) = postSolution
		{FFAFB815-328A-4CE7-B019-E36F9944CC22}.Debug|Any CPU.ActiveCfg = Debug|Any CPU
		{FFAFB815-328A-4CE7-B019-E36F9944CC22}.Debug|Any CPU.Build.0 = Debug|Any CPU
		{FFAFB815-328A-4CE7-B019-E36F9944CC22}.Debug|x64.ActiveCfg = Debug|Any CPU
		{FFAFB815-328A-4CE7-B019-E36F9944CC22}.Debug|x64.Build.0 = Debug|Any CPU
		{FFAFB815-328A-4CE7-B019-E36F9944CC22}.Debug|x86.ActiveCfg = Debug|Any CPU
		{FFAFB815-328A-4CE7-B019-E36F9944CC22}.Debug|x86.Build.0 = Debug|Any CPU
		{FFAFB815-328A-4CE7-B019-E36F9944CC22}.Release|Any CPU.ActiveCfg = Release|Any CPU
		{FFAFB815-328A-4CE7-B019-E36F9944CC22}.Release|Any CPU.Build.0 = Release|Any CPU
		{FFAFB815-328A-4CE7-B019-E36F9944CC22}.Release|x64.ActiveCfg = Release|Any CPU
		{FFAFB815-328A-4CE7-B019-E36F9944CC22}.Release|x64.Build.0 = Release|Any CPU
		{FFAFB815-328A-4CE7-B019-E36F9944CC22}.Release|x86.ActiveCfg = Release|Any CPU
		{FFAFB815-328A-4CE7-B019-E36F9944CC22}.Release|x86.Build.0 = Release|Any CPU
		{A5CBB874-E91A-48BC-A600-9A59CF30E65C}.Debug|Any CPU.ActiveCfg = Debug|Any CPU
		{A5CBB874-E91A-48BC-A600-9A59CF30E65C}.Debug|Any CPU.Build.0 = Debug|Any CPU
		{A5CBB874-E91A-48BC-A600-9A59CF30E65C}.Debug|x64.ActiveCfg = Debug|Any CPU
		{A5CBB874-E91A-48BC-A600-9A59CF30E65C}.Debug|x64.Build.0 = Debug|Any CPU
		{A5CBB874-E91A-48BC-A600-9A59CF30E65C}.Debug|x86.ActiveCfg = Debug|Any CPU
		{A5CBB874-E91A-48BC-A600-9A59CF30E65C}.Debug|x86.Build.0 = Debug|Any CPU
		{A5CBB874-E91A-48BC-A600-9A59CF30E65C}.Release|Any CPU.ActiveCfg = Release|Any CPU
		{A5CBB874-E91A-48BC-A600-9A59CF30E65C}.Release|Any CPU.Build.0 = Release|Any CPU
		{A5CBB874-E91A-48BC-A600-9A59CF30E65C}.Release|x64.ActiveCfg = Release|Any CPU
		{A5CBB874-E91A-48BC-A600-9A59CF30E65C}.Release|x64.Build.0 = Release|Any CPU
		{A5CBB874-E91A-48BC-A600-9A59CF30E65C}.Release|x86.ActiveCfg = Release|Any CPU
		{A5CBB874-E91A-48BC-A600-9A59CF30E65C}.Release|x86.Build.0 = Release|Any CPU
		{A7610CE3-5482-4522-A1AA-1909A2B2536B}.Debug|Any CPU.ActiveCfg = Debug|Any CPU
		{A7610CE3-5482-4522-A1AA-1909A2B2536B}.Debug|Any CPU.Build.0 = Debug|Any CPU
		{A7610CE3-5482-4522-A1AA-1909A2B2536B}.Debug|x64.ActiveCfg = Debug|Any CPU
		{A7610CE3-5482-4522-A1AA-1909A2B2536B}.Debug|x64.Build.0 = Debug|Any CPU
		{A7610CE3-5482-4522-A1AA-1909A2B2536B}.Debug|x86.ActiveCfg = Debug|Any CPU
		{A7610CE3-5482-4522-A1AA-1909A2B2536B}.Debug|x86.Build.0 = Debug|Any CPU
		{A7610CE3-5482-4522-A1AA-1909A2B2536B}.Release|Any CPU.ActiveCfg = Release|Any CPU
		{A7610CE3-5482-4522-A1AA-1909A2B2536B}.Release|Any CPU.Build.0 = Release|Any CPU
		{A7610CE3-5482-4522-A1AA-1909A2B2536B}.Release|x64.ActiveCfg = Release|Any CPU
		{A7610CE3-5482-4522-A1AA-1909A2B2536B}.Release|x64.Build.0 = Release|Any CPU
		{A7610CE3-5482-4522-A1AA-1909A2B2536B}.Release|x86.ActiveCfg = Release|Any CPU
		{A7610CE3-5482-4522-A1AA-1909A2B2536B}.Release|x86.Build.0 = Release|Any CPU
		{53F37B79-E699-4F17-AE6C-ACBCD16B9A5C}.Debug|Any CPU.ActiveCfg = Debug|Any CPU
		{53F37B79-E699-4F17-AE6C-ACBCD16B9A5C}.Debug|Any CPU.Build.0 = Debug|Any CPU
		{53F37B79-E699-4F17-AE6C-ACBCD16B9A5C}.Debug|x64.ActiveCfg = Debug|Any CPU
		{53F37B79-E699-4F17-AE6C-ACBCD16B9A5C}.Debug|x64.Build.0 = Debug|Any CPU
		{53F37B79-E699-4F17-AE6C-ACBCD16B9A5C}.Debug|x86.ActiveCfg = Debug|Any CPU
		{53F37B79-E699-4F17-AE6C-ACBCD16B9A5C}.Debug|x86.Build.0 = Debug|Any CPU
		{53F37B79-E699-4F17-AE6C-ACBCD16B9A5C}.Release|Any CPU.ActiveCfg = Release|Any CPU
		{53F37B79-E699-4F17-AE6C-ACBCD16B9A5C}.Release|Any CPU.Build.0 = Release|Any CPU
		{53F37B79-E699-4F17-AE6C-ACBCD16B9A5C}.Release|x64.ActiveCfg = Release|Any CPU
		{53F37B79-E699-4F17-AE6C-ACBCD16B9A5C}.Release|x64.Build.0 = Release|Any CPU
		{53F37B79-E699-4F17-AE6C-ACBCD16B9A5C}.Release|x86.ActiveCfg = Release|Any CPU
		{53F37B79-E699-4F17-AE6C-ACBCD16B9A5C}.Release|x86.Build.0 = Release|Any CPU
		{51106022-112B-45F3-BEC3-598082B1F716}.Debug|Any CPU.ActiveCfg = Debug|Any CPU
		{51106022-112B-45F3-BEC3-598082B1F716}.Debug|Any CPU.Build.0 = Debug|Any CPU
		{51106022-112B-45F3-BEC3-598082B1F716}.Debug|x64.ActiveCfg = Debug|Any CPU
		{51106022-112B-45F3-BEC3-598082B1F716}.Debug|x64.Build.0 = Debug|Any CPU
		{51106022-112B-45F3-BEC3-598082B1F716}.Debug|x86.ActiveCfg = Debug|Any CPU
		{51106022-112B-45F3-BEC3-598082B1F716}.Debug|x86.Build.0 = Debug|Any CPU
		{51106022-112B-45F3-BEC3-598082B1F716}.Release|Any CPU.ActiveCfg = Release|Any CPU
		{51106022-112B-45F3-BEC3-598082B1F716}.Release|Any CPU.Build.0 = Release|Any CPU
		{51106022-112B-45F3-BEC3-598082B1F716}.Release|x64.ActiveCfg = Release|Any CPU
		{51106022-112B-45F3-BEC3-598082B1F716}.Release|x64.Build.0 = Release|Any CPU
		{51106022-112B-45F3-BEC3-598082B1F716}.Release|x86.ActiveCfg = Release|Any CPU
		{51106022-112B-45F3-BEC3-598082B1F716}.Release|x86.Build.0 = Release|Any CPU
		{2453F625-65A5-4013-93CB-A130EF266595}.Debug|Any CPU.ActiveCfg = Debug|Any CPU
		{2453F625-65A5-4013-93CB-A130EF266595}.Debug|Any CPU.Build.0 = Debug|Any CPU
		{2453F625-65A5-4013-93CB-A130EF266595}.Debug|x64.ActiveCfg = Debug|Any CPU
		{2453F625-65A5-4013-93CB-A130EF266595}.Debug|x64.Build.0 = Debug|Any CPU
		{2453F625-65A5-4013-93CB-A130EF266595}.Debug|x86.ActiveCfg = Debug|Any CPU
		{2453F625-65A5-4013-93CB-A130EF266595}.Debug|x86.Build.0 = Debug|Any CPU
		{2453F625-65A5-4013-93CB-A130EF266595}.Release|Any CPU.ActiveCfg = Release|Any CPU
		{2453F625-65A5-4013-93CB-A130EF266595}.Release|Any CPU.Build.0 = Release|Any CPU
		{2453F625-65A5-4013-93CB-A130EF266595}.Release|x64.ActiveCfg = Release|Any CPU
		{2453F625-65A5-4013-93CB-A130EF266595}.Release|x64.Build.0 = Release|Any CPU
		{2453F625-65A5-4013-93CB-A130EF266595}.Release|x86.ActiveCfg = Release|Any CPU
		{2453F625-65A5-4013-93CB-A130EF266595}.Release|x86.Build.0 = Release|Any CPU
		{7E54A19E-B3DD-4B3D-8E91-821036203A4A}.Debug|Any CPU.ActiveCfg = Debug|Any CPU
		{7E54A19E-B3DD-4B3D-8E91-821036203A4A}.Debug|Any CPU.Build.0 = Debug|Any CPU
		{7E54A19E-B3DD-4B3D-8E91-821036203A4A}.Debug|x64.ActiveCfg = Debug|Any CPU
		{7E54A19E-B3DD-4B3D-8E91-821036203A4A}.Debug|x64.Build.0 = Debug|Any CPU
		{7E54A19E-B3DD-4B3D-8E91-821036203A4A}.Debug|x86.ActiveCfg = Debug|Any CPU
		{7E54A19E-B3DD-4B3D-8E91-821036203A4A}.Debug|x86.Build.0 = Debug|Any CPU
		{7E54A19E-B3DD-4B3D-8E91-821036203A4A}.Release|Any CPU.ActiveCfg = Release|Any CPU
		{7E54A19E-B3DD-4B3D-8E91-821036203A4A}.Release|Any CPU.Build.0 = Release|Any CPU
		{7E54A19E-B3DD-4B3D-8E91-821036203A4A}.Release|x64.ActiveCfg = Release|Any CPU
		{7E54A19E-B3DD-4B3D-8E91-821036203A4A}.Release|x64.Build.0 = Release|Any CPU
		{7E54A19E-B3DD-4B3D-8E91-821036203A4A}.Release|x86.ActiveCfg = Release|Any CPU
		{7E54A19E-B3DD-4B3D-8E91-821036203A4A}.Release|x86.Build.0 = Release|Any CPU
		{2D490B5F-5021-4EE0-92BC-B2C858CBF1E7}.Debug|Any CPU.ActiveCfg = Debug|Any CPU
		{2D490B5F-5021-4EE0-92BC-B2C858CBF1E7}.Debug|Any CPU.Build.0 = Debug|Any CPU
		{2D490B5F-5021-4EE0-92BC-B2C858CBF1E7}.Debug|x64.ActiveCfg = Debug|Any CPU
		{2D490B5F-5021-4EE0-92BC-B2C858CBF1E7}.Debug|x64.Build.0 = Debug|Any CPU
		{2D490B5F-5021-4EE0-92BC-B2C858CBF1E7}.Debug|x86.ActiveCfg = Debug|Any CPU
		{2D490B5F-5021-4EE0-92BC-B2C858CBF1E7}.Debug|x86.Build.0 = Debug|Any CPU
		{2D490B5F-5021-4EE0-92BC-B2C858CBF1E7}.Release|Any CPU.ActiveCfg = Release|Any CPU
		{2D490B5F-5021-4EE0-92BC-B2C858CBF1E7}.Release|Any CPU.Build.0 = Release|Any CPU
		{2D490B5F-5021-4EE0-92BC-B2C858CBF1E7}.Release|x64.ActiveCfg = Release|Any CPU
		{2D490B5F-5021-4EE0-92BC-B2C858CBF1E7}.Release|x64.Build.0 = Release|Any CPU
		{2D490B5F-5021-4EE0-92BC-B2C858CBF1E7}.Release|x86.ActiveCfg = Release|Any CPU
		{2D490B5F-5021-4EE0-92BC-B2C858CBF1E7}.Release|x86.Build.0 = Release|Any CPU
		{AF37790E-4A9A-4F23-962D-C64515202F30}.Debug|Any CPU.ActiveCfg = Debug|Any CPU
		{AF37790E-4A9A-4F23-962D-C64515202F30}.Debug|Any CPU.Build.0 = Debug|Any CPU
		{AF37790E-4A9A-4F23-962D-C64515202F30}.Debug|x64.ActiveCfg = Debug|Any CPU
		{AF37790E-4A9A-4F23-962D-C64515202F30}.Debug|x64.Build.0 = Debug|Any CPU
		{AF37790E-4A9A-4F23-962D-C64515202F30}.Debug|x86.ActiveCfg = Debug|Any CPU
		{AF37790E-4A9A-4F23-962D-C64515202F30}.Debug|x86.Build.0 = Debug|Any CPU
		{AF37790E-4A9A-4F23-962D-C64515202F30}.Release|Any CPU.ActiveCfg = Release|Any CPU
		{AF37790E-4A9A-4F23-962D-C64515202F30}.Release|Any CPU.Build.0 = Release|Any CPU
		{AF37790E-4A9A-4F23-962D-C64515202F30}.Release|x64.ActiveCfg = Release|Any CPU
		{AF37790E-4A9A-4F23-962D-C64515202F30}.Release|x64.Build.0 = Release|Any CPU
		{AF37790E-4A9A-4F23-962D-C64515202F30}.Release|x86.ActiveCfg = Release|Any CPU
		{AF37790E-4A9A-4F23-962D-C64515202F30}.Release|x86.Build.0 = Release|Any CPU
	EndGlobalSection
	GlobalSection(SolutionProperties) = preSolution
		HideSolutionNode = FALSE
	EndGlobalSection
	GlobalSection(NestedProjects) = preSolution
		{FFAFB815-328A-4CE7-B019-E36F9944CC22} = {827E0CD3-B72D-47B6-A68D-7590B98EB39B}
		{A5CBB874-E91A-48BC-A600-9A59CF30E65C} = {827E0CD3-B72D-47B6-A68D-7590B98EB39B}
		{A7610CE3-5482-4522-A1AA-1909A2B2536B} = {827E0CD3-B72D-47B6-A68D-7590B98EB39B}
		{53F37B79-E699-4F17-AE6C-ACBCD16B9A5C} = {827E0CD3-B72D-47B6-A68D-7590B98EB39B}
		{7E54A19E-B3DD-4B3D-8E91-821036203A4A} = {827E0CD3-B72D-47B6-A68D-7590B98EB39B}
		{51106022-112B-45F3-BEC3-598082B1F716} = {07C2787E-EAC7-C090-1BA3-A61EC2A24D84}
		{2D490B5F-5021-4EE0-92BC-B2C858CBF1E7} = {07C2787E-EAC7-C090-1BA3-A61EC2A24D84}
		{2453F625-65A5-4013-93CB-A130EF266595} = {0AB3BF05-4346-4AA6-1389-037BE0695223}
		{AF37790E-4A9A-4F23-962D-C64515202F30} = {0AB3BF05-4346-4AA6-1389-037BE0695223}
	EndGlobalSection
EndGlobal
